// !$*UTF8*$!
{
	archiveVersion = 1;
	classes = {
	};
	objectVersion = 50;
	objects = {

/* Begin PBXBuildFile section */
		138D6BC225339C2A0013DC70 /* UIViewController+Dialogs.swift in Sources */ = {isa = PBXBuildFile; fileRef = 138D6BC125339C2A0013DC70 /* UIViewController+Dialogs.swift */; };
		138D6BD72534D8A10013DC70 /* OffersTableViewController.swift in Sources */ = {isa = PBXBuildFile; fileRef = 138D6BD52534D8A10013DC70 /* OffersTableViewController.swift */; };
		138D6BD82534D8A10013DC70 /* OffersTableViewController.xib in Resources */ = {isa = PBXBuildFile; fileRef = 138D6BD62534D8A10013DC70 /* OffersTableViewController.xib */; };
		139B4F76253228C400A822DF /* AppDelegate.swift in Sources */ = {isa = PBXBuildFile; fileRef = 139B4F75253228C400A822DF /* AppDelegate.swift */; };
		139B4F78253228C400A822DF /* SceneDelegate.swift in Sources */ = {isa = PBXBuildFile; fileRef = 139B4F77253228C400A822DF /* SceneDelegate.swift */; };
		139B4F7F253228C800A822DF /* Assets.xcassets in Resources */ = {isa = PBXBuildFile; fileRef = 139B4F7E253228C800A822DF /* Assets.xcassets */; };
		139B4F82253228C800A822DF /* LaunchScreen.storyboard in Resources */ = {isa = PBXBuildFile; fileRef = 139B4F80253228C800A822DF /* LaunchScreen.storyboard */; };
		139B4F8E2532298C00A822DF /* RestClientService.swift in Sources */ = {isa = PBXBuildFile; fileRef = 139B4F8D2532298C00A822DF /* RestClientService.swift */; };
		139B4F9225322A7A00A822DF /* OffersResponse.swift in Sources */ = {isa = PBXBuildFile; fileRef = 139B4F9125322A7A00A822DF /* OffersResponse.swift */; };
		139B4F9725322AC400A822DF /* Section.swift in Sources */ = {isa = PBXBuildFile; fileRef = 139B4F9625322AC400A822DF /* Section.swift */; };
		139B4F9B25322AE700A822DF /* Offer.swift in Sources */ = {isa = PBXBuildFile; fileRef = 139B4F9A25322AE700A822DF /* Offer.swift */; };
		139B4FA025322D0200A822DF /* OffersPresenter.swift in Sources */ = {isa = PBXBuildFile; fileRef = 139B4F9F25322D0200A822DF /* OffersPresenter.swift */; };
		139B4FA325322DD900A822DF /* OffersDataFetcher.swift in Sources */ = {isa = PBXBuildFile; fileRef = 139B4FA225322DD900A822DF /* OffersDataFetcher.swift */; };
		13CB3D2A2534DF1F0076BF55 /* AsyncOperation.swift in Sources */ = {isa = PBXBuildFile; fileRef = 13CB3D292534DF1F0076BF55 /* AsyncOperation.swift */; };
		13E3649625327BCC00C46BD8 /* OfferHeaderTableView.swift in Sources */ = {isa = PBXBuildFile; fileRef = 13E3649525327BCC00C46BD8 /* OfferHeaderTableView.swift */; };
		13E3649D253288F900C46BD8 /* ImageDownloaderOperation.swift in Sources */ = {isa = PBXBuildFile; fileRef = 13E3649C253288F900C46BD8 /* ImageDownloaderOperation.swift */; };
		13E364A2253291BA00C46BD8 /* OfferDetailViewController.swift in Sources */ = {isa = PBXBuildFile; fileRef = 13E364A0253291BA00C46BD8 /* OfferDetailViewController.swift */; };
		13E364A3253291BA00C46BD8 /* OfferDetailViewController.xib in Resources */ = {isa = PBXBuildFile; fileRef = 13E364A1253291BA00C46BD8 /* OfferDetailViewController.xib */; };
		13E364A72533623900C46BD8 /* OfferDetail.swift in Sources */ = {isa = PBXBuildFile; fileRef = 13E364A62533623800C46BD8 /* OfferDetail.swift */; };
		13E364AA253363F900C46BD8 /* OfferDetailPresenter.swift in Sources */ = {isa = PBXBuildFile; fileRef = 13E364A9253363F900C46BD8 /* OfferDetailPresenter.swift */; };
		13E364AD2533675F00C46BD8 /* OfferDetailDataFetcher.swift in Sources */ = {isa = PBXBuildFile; fileRef = 13E364AC2533675F00C46BD8 /* OfferDetailDataFetcher.swift */; };
		13F45CC32532484F00C0F72A /* OfferTableViewCell.swift in Sources */ = {isa = PBXBuildFile; fileRef = 13F45CC12532484F00C0F72A /* OfferTableViewCell.swift */; };
		13F45CC42532484F00C0F72A /* OfferTableViewCell.xib in Resources */ = {isa = PBXBuildFile; fileRef = 13F45CC22532484F00C0F72A /* OfferTableViewCell.xib */; };
/* End PBXBuildFile section */

/* Begin PBXFileReference section */
		138D6BC125339C2A0013DC70 /* UIViewController+Dialogs.swift */ = {isa = PBXFileReference; lastKnownFileType = sourcecode.swift; path = "UIViewController+Dialogs.swift"; sourceTree = "<group>"; };
		138D6BD52534D8A10013DC70 /* OffersTableViewController.swift */ = {isa = PBXFileReference; lastKnownFileType = sourcecode.swift; path = OffersTableViewController.swift; sourceTree = "<group>"; };
		138D6BD62534D8A10013DC70 /* OffersTableViewController.xib */ = {isa = PBXFileReference; lastKnownFileType = file.xib; path = OffersTableViewController.xib; sourceTree = "<group>"; };
		139B4F72253228C400A822DF /* LuckyAppTest.app */ = {isa = PBXFileReference; explicitFileType = wrapper.application; includeInIndex = 0; path = LuckyAppTest.app; sourceTree = BUILT_PRODUCTS_DIR; };
		139B4F75253228C400A822DF /* AppDelegate.swift */ = {isa = PBXFileReference; lastKnownFileType = sourcecode.swift; path = AppDelegate.swift; sourceTree = "<group>"; };
		139B4F77253228C400A822DF /* SceneDelegate.swift */ = {isa = PBXFileReference; lastKnownFileType = sourcecode.swift; path = SceneDelegate.swift; sourceTree = "<group>"; };
		139B4F7E253228C800A822DF /* Assets.xcassets */ = {isa = PBXFileReference; lastKnownFileType = folder.assetcatalog; path = Assets.xcassets; sourceTree = "<group>"; };
		139B4F81253228C800A822DF /* Base */ = {isa = PBXFileReference; lastKnownFileType = file.storyboard; name = Base; path = Base.lproj/LaunchScreen.storyboard; sourceTree = "<group>"; };
		139B4F83253228C800A822DF /* Info.plist */ = {isa = PBXFileReference; lastKnownFileType = text.plist.xml; path = Info.plist; sourceTree = "<group>"; };
		139B4F8D2532298C00A822DF /* RestClientService.swift */ = {isa = PBXFileReference; lastKnownFileType = sourcecode.swift; path = RestClientService.swift; sourceTree = "<group>"; };
		139B4F9125322A7A00A822DF /* OffersResponse.swift */ = {isa = PBXFileReference; lastKnownFileType = sourcecode.swift; path = OffersResponse.swift; sourceTree = "<group>"; };
		139B4F9625322AC400A822DF /* Section.swift */ = {isa = PBXFileReference; lastKnownFileType = sourcecode.swift; path = Section.swift; sourceTree = "<group>"; };
		139B4F9A25322AE700A822DF /* Offer.swift */ = {isa = PBXFileReference; lastKnownFileType = sourcecode.swift; path = Offer.swift; sourceTree = "<group>"; };
		139B4F9F25322D0200A822DF /* OffersPresenter.swift */ = {isa = PBXFileReference; lastKnownFileType = sourcecode.swift; path = OffersPresenter.swift; sourceTree = "<group>"; };
		139B4FA225322DD900A822DF /* OffersDataFetcher.swift */ = {isa = PBXFileReference; lastKnownFileType = sourcecode.swift; path = OffersDataFetcher.swift; sourceTree = "<group>"; };
		13CB3D292534DF1F0076BF55 /* AsyncOperation.swift */ = {isa = PBXFileReference; fileEncoding = 4; lastKnownFileType = sourcecode.swift; path = AsyncOperation.swift; sourceTree = "<group>"; };
		13E3649525327BCC00C46BD8 /* OfferHeaderTableView.swift */ = {isa = PBXFileReference; lastKnownFileType = sourcecode.swift; path = OfferHeaderTableView.swift; sourceTree = "<group>"; };
		13E3649C253288F900C46BD8 /* ImageDownloaderOperation.swift */ = {isa = PBXFileReference; lastKnownFileType = sourcecode.swift; path = ImageDownloaderOperation.swift; sourceTree = "<group>"; };
		13E364A0253291BA00C46BD8 /* OfferDetailViewController.swift */ = {isa = PBXFileReference; lastKnownFileType = sourcecode.swift; path = OfferDetailViewController.swift; sourceTree = "<group>"; };
		13E364A1253291BA00C46BD8 /* OfferDetailViewController.xib */ = {isa = PBXFileReference; lastKnownFileType = file.xib; path = OfferDetailViewController.xib; sourceTree = "<group>"; };
		13E364A62533623800C46BD8 /* OfferDetail.swift */ = {isa = PBXFileReference; lastKnownFileType = sourcecode.swift; path = OfferDetail.swift; sourceTree = "<group>"; };
		13E364A9253363F900C46BD8 /* OfferDetailPresenter.swift */ = {isa = PBXFileReference; lastKnownFileType = sourcecode.swift; path = OfferDetailPresenter.swift; sourceTree = "<group>"; };
		13E364AC2533675F00C46BD8 /* OfferDetailDataFetcher.swift */ = {isa = PBXFileReference; lastKnownFileType = sourcecode.swift; path = OfferDetailDataFetcher.swift; sourceTree = "<group>"; };
		13F45CC12532484F00C0F72A /* OfferTableViewCell.swift */ = {isa = PBXFileReference; lastKnownFileType = sourcecode.swift; path = OfferTableViewCell.swift; sourceTree = "<group>"; };
		13F45CC22532484F00C0F72A /* OfferTableViewCell.xib */ = {isa = PBXFileReference; lastKnownFileType = file.xib; path = OfferTableViewCell.xib; sourceTree = "<group>"; };
/* End PBXFileReference section */

/* Begin PBXFrameworksBuildPhase section */
		139B4F6F253228C400A822DF /* Frameworks */ = {
			isa = PBXFrameworksBuildPhase;
			buildActionMask = 2147483647;
			files = (
			);
			runOnlyForDeploymentPostprocessing = 0;
		};
/* End PBXFrameworksBuildPhase section */

/* Begin PBXGroup section */
		139B4F69253228C400A822DF = {
			isa = PBXGroup;
			children = (
				139B4F74253228C400A822DF /* LuckyAppTest */,
				139B4F73253228C400A822DF /* Products */,
			);
			sourceTree = "<group>";
		};
		139B4F73253228C400A822DF /* Products */ = {
			isa = PBXGroup;
			children = (
				139B4F72253228C400A822DF /* LuckyAppTest.app */,
			);
			name = Products;
			sourceTree = "<group>";
		};
		139B4F74253228C400A822DF /* LuckyAppTest */ = {
			isa = PBXGroup;
			children = (
				139B4F9525322AB400A822DF /* Model */,
				139B4F8C2532294000A822DF /* App */,
				139B4F8B2532291300A822DF /* Networking */,
				139B4F8A2532290B00A822DF /* Scenes */,
				139B4F7E253228C800A822DF /* Assets.xcassets */,
				139B4F80253228C800A822DF /* LaunchScreen.storyboard */,
				139B4F83253228C800A822DF /* Info.plist */,
			);
			path = LuckyAppTest;
			sourceTree = "<group>";
		};
		139B4F8A2532290B00A822DF /* Scenes */ = {
			isa = PBXGroup;
			children = (
				13E3649F2532918F00C46BD8 /* OfferDetail */,
				139B4F9D25322BE200A822DF /* OffersTable */,
			);
			path = Scenes;
			sourceTree = "<group>";
		};
		139B4F8B2532291300A822DF /* Networking */ = {
			isa = PBXGroup;
			children = (
				13CB3D292534DF1F0076BF55 /* AsyncOperation.swift */,
				139B4F9025322A5700A822DF /* ResponseObjects */,
				139B4F8D2532298C00A822DF /* RestClientService.swift */,
				13E3649C253288F900C46BD8 /* ImageDownloaderOperation.swift */,
			);
			path = Networking;
			sourceTree = "<group>";
		};
		139B4F8C2532294000A822DF /* App */ = {
			isa = PBXGroup;
			children = (
				139B4F75253228C400A822DF /* AppDelegate.swift */,
				139B4F77253228C400A822DF /* SceneDelegate.swift */,
				138D6BC125339C2A0013DC70 /* UIViewController+Dialogs.swift */,
			);
			path = App;
			sourceTree = "<group>";
		};
		139B4F9025322A5700A822DF /* ResponseObjects */ = {
			isa = PBXGroup;
			children = (
				139B4F9125322A7A00A822DF /* OffersResponse.swift */,
			);
			path = ResponseObjects;
			sourceTree = "<group>";
		};
		139B4F9525322AB400A822DF /* Model */ = {
			isa = PBXGroup;
			children = (
				139B4F9625322AC400A822DF /* Section.swift */,
				139B4F9A25322AE700A822DF /* Offer.swift */,
				13E364A62533623800C46BD8 /* OfferDetail.swift */,
			);
			path = Model;
			sourceTree = "<group>";
		};
		139B4F9D25322BE200A822DF /* OffersTable */ = {
			isa = PBXGroup;
			children = (
				138D6BD52534D8A10013DC70 /* OffersTableViewController.swift */,
				138D6BD62534D8A10013DC70 /* OffersTableViewController.xib */,
				139B4FA525322E3300A822DF /* Views */,
				139B4F9F25322D0200A822DF /* OffersPresenter.swift */,
				139B4FA225322DD900A822DF /* OffersDataFetcher.swift */,
			);
			path = OffersTable;
			sourceTree = "<group>";
		};
		139B4FA525322E3300A822DF /* Views */ = {
			isa = PBXGroup;
			children = (
				13E3649525327BCC00C46BD8 /* OfferHeaderTableView.swift */,
				13F45CC12532484F00C0F72A /* OfferTableViewCell.swift */,
				13F45CC22532484F00C0F72A /* OfferTableViewCell.xib */,
			);
			path = Views;
			sourceTree = "<group>";
		};
		13E3649F2532918F00C46BD8 /* OfferDetail */ = {
			isa = PBXGroup;
			children = (
				13E364A0253291BA00C46BD8 /* OfferDetailViewController.swift */,
				13E364A1253291BA00C46BD8 /* OfferDetailViewController.xib */,
				13E364A9253363F900C46BD8 /* OfferDetailPresenter.swift */,
				13E364AC2533675F00C46BD8 /* OfferDetailDataFetcher.swift */,
			);
			path = OfferDetail;
			sourceTree = "<group>";
		};
/* End PBXGroup section */

/* Begin PBXNativeTarget section */
		139B4F71253228C400A822DF /* LuckyAppTest */ = {
			isa = PBXNativeTarget;
			buildConfigurationList = 139B4F86253228C800A822DF /* Build configuration list for PBXNativeTarget "LuckyAppTest" */;
			buildPhases = (
				139B4F6E253228C400A822DF /* Sources */,
				139B4F6F253228C400A822DF /* Frameworks */,
				139B4F70253228C400A822DF /* Resources */,
			);
			buildRules = (
			);
			dependencies = (
			);
			name = LuckyAppTest;
			productName = LuckyAppTest;
			productReference = 139B4F72253228C400A822DF /* LuckyAppTest.app */;
			productType = "com.apple.product-type.application";
		};
/* End PBXNativeTarget section */

/* Begin PBXProject section */
		139B4F6A253228C400A822DF /* Project object */ = {
			isa = PBXProject;
			attributes = {
				LastSwiftUpdateCheck = 1200;
				LastUpgradeCheck = 1200;
				TargetAttributes = {
					139B4F71253228C400A822DF = {
						CreatedOnToolsVersion = 12.0.1;
					};
				};
			};
			buildConfigurationList = 139B4F6D253228C400A822DF /* Build configuration list for PBXProject "LuckyAppTest" */;
			compatibilityVersion = "Xcode 9.3";
			developmentRegion = en;
			hasScannedForEncodings = 0;
			knownRegions = (
				en,
				Base,
			);
			mainGroup = 139B4F69253228C400A822DF;
			productRefGroup = 139B4F73253228C400A822DF /* Products */;
			projectDirPath = "";
			projectRoot = "";
			targets = (
				139B4F71253228C400A822DF /* LuckyAppTest */,
			);
		};
/* End PBXProject section */

/* Begin PBXResourcesBuildPhase section */
		139B4F70253228C400A822DF /* Resources */ = {
			isa = PBXResourcesBuildPhase;
			buildActionMask = 2147483647;
			files = (
				13F45CC42532484F00C0F72A /* OfferTableViewCell.xib in Resources */,
				139B4F82253228C800A822DF /* LaunchScreen.storyboard in Resources */,
				138D6BD82534D8A10013DC70 /* OffersTableViewController.xib in Resources */,
				139B4F7F253228C800A822DF /* Assets.xcassets in Resources */,
				13E364A3253291BA00C46BD8 /* OfferDetailViewController.xib in Resources */,
			);
			runOnlyForDeploymentPostprocessing = 0;
		};
/* End PBXResourcesBuildPhase section */

/* Begin PBXSourcesBuildPhase section */
		139B4F6E253228C400A822DF /* Sources */ = {
			isa = PBXSourcesBuildPhase;
			buildActionMask = 2147483647;
			files = (
				13E3649625327BCC00C46BD8 /* OfferHeaderTableView.swift in Sources */,
				139B4FA325322DD900A822DF /* OffersDataFetcher.swift in Sources */,
				139B4F9B25322AE700A822DF /* Offer.swift in Sources */,
				13E364AA253363F900C46BD8 /* OfferDetailPresenter.swift in Sources */,
				139B4F8E2532298C00A822DF /* RestClientService.swift in Sources */,
				138D6BD72534D8A10013DC70 /* OffersTableViewController.swift in Sources */,
				139B4F9225322A7A00A822DF /* OffersResponse.swift in Sources */,
				13E364A72533623900C46BD8 /* OfferDetail.swift in Sources */,
				13E364AD2533675F00C46BD8 /* OfferDetailDataFetcher.swift in Sources */,
				13E364A2253291BA00C46BD8 /* OfferDetailViewController.swift in Sources */,
				138D6BC225339C2A0013DC70 /* UIViewController+Dialogs.swift in Sources */,
				139B4F9725322AC400A822DF /* Section.swift in Sources */,
				13F45CC32532484F00C0F72A /* OfferTableViewCell.swift in Sources */,
				13E3649D253288F900C46BD8 /* ImageDownloaderOperation.swift in Sources */,
				139B4FA025322D0200A822DF /* OffersPresenter.swift in Sources */,
				139B4F76253228C400A822DF /* AppDelegate.swift in Sources */,
				13CB3D2A2534DF1F0076BF55 /* AsyncOperation.swift in Sources */,
				139B4F78253228C400A822DF /* SceneDelegate.swift in Sources */,
			);
			runOnlyForDeploymentPostprocessing = 0;
		};
/* End PBXSourcesBuildPhase section */

/* Begin PBXVariantGroup section */
		139B4F80253228C800A822DF /* LaunchScreen.storyboard */ = {
			isa = PBXVariantGroup;
			children = (
				139B4F81253228C800A822DF /* Base */,
			);
			name = LaunchScreen.storyboard;
			sourceTree = "<group>";
		};
/* End PBXVariantGroup section */

/* Begin XCBuildConfiguration section */
		139B4F84253228C800A822DF /* Debug */ = {
			isa = XCBuildConfiguration;
			buildSettings = {
				ALWAYS_SEARCH_USER_PATHS = NO;
				CLANG_ANALYZER_NONNULL = YES;
				CLANG_ANALYZER_NUMBER_OBJECT_CONVERSION = YES_AGGRESSIVE;
				CLANG_CXX_LANGUAGE_STANDARD = "gnu++14";
				CLANG_CXX_LIBRARY = "libc++";
				CLANG_ENABLE_MODULES = YES;
				CLANG_ENABLE_OBJC_ARC = YES;
				CLANG_ENABLE_OBJC_WEAK = YES;
				CLANG_WARN_BLOCK_CAPTURE_AUTORELEASING = YES;
				CLANG_WARN_BOOL_CONVERSION = YES;
				CLANG_WARN_COMMA = YES;
				CLANG_WARN_CONSTANT_CONVERSION = YES;
				CLANG_WARN_DEPRECATED_OBJC_IMPLEMENTATIONS = YES;
				CLANG_WARN_DIRECT_OBJC_ISA_USAGE = YES_ERROR;
				CLANG_WARN_DOCUMENTATION_COMMENTS = YES;
				CLANG_WARN_EMPTY_BODY = YES;
				CLANG_WARN_ENUM_CONVERSION = YES;
				CLANG_WARN_INFINITE_RECURSION = YES;
				CLANG_WARN_INT_CONVERSION = YES;
				CLANG_WARN_NON_LITERAL_NULL_CONVERSION = YES;
				CLANG_WARN_OBJC_IMPLICIT_RETAIN_SELF = YES;
				CLANG_WARN_OBJC_LITERAL_CONVERSION = YES;
				CLANG_WARN_OBJC_ROOT_CLASS = YES_ERROR;
				CLANG_WARN_QUOTED_INCLUDE_IN_FRAMEWORK_HEADER = YES;
				CLANG_WARN_RANGE_LOOP_ANALYSIS = YES;
				CLANG_WARN_STRICT_PROTOTYPES = YES;
				CLANG_WARN_SUSPICIOUS_MOVE = YES;
				CLANG_WARN_UNGUARDED_AVAILABILITY = YES_AGGRESSIVE;
				CLANG_WARN_UNREACHABLE_CODE = YES;
				CLANG_WARN__DUPLICATE_METHOD_MATCH = YES;
				COPY_PHASE_STRIP = NO;
				DEBUG_INFORMATION_FORMAT = dwarf;
				ENABLE_STRICT_OBJC_MSGSEND = YES;
				ENABLE_TESTABILITY = YES;
				GCC_C_LANGUAGE_STANDARD = gnu11;
				GCC_DYNAMIC_NO_PIC = NO;
				GCC_NO_COMMON_BLOCKS = YES;
				GCC_OPTIMIZATION_LEVEL = 0;
				GCC_PREPROCESSOR_DEFINITIONS = (
					"DEBUG=1",
					"$(inherited)",
				);
				GCC_WARN_64_TO_32_BIT_CONVERSION = YES;
				GCC_WARN_ABOUT_RETURN_TYPE = YES_ERROR;
				GCC_WARN_UNDECLARED_SELECTOR = YES;
				GCC_WARN_UNINITIALIZED_AUTOS = YES_AGGRESSIVE;
				GCC_WARN_UNUSED_FUNCTION = YES;
				GCC_WARN_UNUSED_VARIABLE = YES;
				IPHONEOS_DEPLOYMENT_TARGET = 14.0;
				MTL_ENABLE_DEBUG_INFO = INCLUDE_SOURCE;
				MTL_FAST_MATH = YES;
				ONLY_ACTIVE_ARCH = YES;
				SDKROOT = iphoneos;
				SWIFT_ACTIVE_COMPILATION_CONDITIONS = DEBUG;
				SWIFT_OPTIMIZATION_LEVEL = "-Onone";
			};
			name = Debug;
		};
		139B4F85253228C800A822DF /* Release */ = {
			isa = XCBuildConfiguration;
			buildSettings = {
				ALWAYS_SEARCH_USER_PATHS = NO;
				CLANG_ANALYZER_NONNULL = YES;
				CLANG_ANALYZER_NUMBER_OBJECT_CONVERSION = YES_AGGRESSIVE;
				CLANG_CXX_LANGUAGE_STANDARD = "gnu++14";
				CLANG_CXX_LIBRARY = "libc++";
				CLANG_ENABLE_MODULES = YES;
				CLANG_ENABLE_OBJC_ARC = YES;
				CLANG_ENABLE_OBJC_WEAK = YES;
				CLANG_WARN_BLOCK_CAPTURE_AUTORELEASING = YES;
				CLANG_WARN_BOOL_CONVERSION = YES;
				CLANG_WARN_COMMA = YES;
				CLANG_WARN_CONSTANT_CONVERSION = YES;
				CLANG_WARN_DEPRECATED_OBJC_IMPLEMENTATIONS = YES;
				CLANG_WARN_DIRECT_OBJC_ISA_USAGE = YES_ERROR;
				CLANG_WARN_DOCUMENTATION_COMMENTS = YES;
				CLANG_WARN_EMPTY_BODY = YES;
				CLANG_WARN_ENUM_CONVERSION = YES;
				CLANG_WARN_INFINITE_RECURSION = YES;
				CLANG_WARN_INT_CONVERSION = YES;
				CLANG_WARN_NON_LITERAL_NULL_CONVERSION = YES;
				CLANG_WARN_OBJC_IMPLICIT_RETAIN_SELF = YES;
				CLANG_WARN_OBJC_LITERAL_CONVERSION = YES;
				CLANG_WARN_OBJC_ROOT_CLASS = YES_ERROR;
				CLANG_WARN_QUOTED_INCLUDE_IN_FRAMEWORK_HEADER = YES;
				CLANG_WARN_RANGE_LOOP_ANALYSIS = YES;
				CLANG_WARN_STRICT_PROTOTYPES = YES;
				CLANG_WARN_SUSPICIOUS_MOVE = YES;
				CLANG_WARN_UNGUARDED_AVAILABILITY = YES_AGGRESSIVE;
				CLANG_WARN_UNREACHABLE_CODE = YES;
				CLANG_WARN__DUPLICATE_METHOD_MATCH = YES;
				COPY_PHASE_STRIP = NO;
				DEBUG_INFORMATION_FORMAT = "dwarf-with-dsym";
				ENABLE_NS_ASSERTIONS = NO;
				ENABLE_STRICT_OBJC_MSGSEND = YES;
				GCC_C_LANGUAGE_STANDARD = gnu11;
				GCC_NO_COMMON_BLOCKS = YES;
				GCC_WARN_64_TO_32_BIT_CONVERSION = YES;
				GCC_WARN_ABOUT_RETURN_TYPE = YES_ERROR;
				GCC_WARN_UNDECLARED_SELECTOR = YES;
				GCC_WARN_UNINITIALIZED_AUTOS = YES_AGGRESSIVE;
				GCC_WARN_UNUSED_FUNCTION = YES;
				GCC_WARN_UNUSED_VARIABLE = YES;
				IPHONEOS_DEPLOYMENT_TARGET = 14.0;
				MTL_ENABLE_DEBUG_INFO = NO;
				MTL_FAST_MATH = YES;
				SDKROOT = iphoneos;
				SWIFT_COMPILATION_MODE = wholemodule;
				SWIFT_OPTIMIZATION_LEVEL = "-O";
				VALIDATE_PRODUCT = YES;
			};
			name = Release;
		};
		139B4F87253228C800A822DF /* Debug */ = {
			isa = XCBuildConfiguration;
			buildSettings = {
				ASSETCATALOG_COMPILER_APPICON_NAME = AppIcon;
				ASSETCATALOG_COMPILER_GLOBAL_ACCENT_COLOR_NAME = AccentColor;
				CODE_SIGN_STYLE = Automatic;
				DEVELOPMENT_TEAM = LUNGYV76TW;
				INFOPLIST_FILE = LuckyAppTest/Info.plist;
				LD_RUNPATH_SEARCH_PATHS = (
					"$(inherited)",
					"@executable_path/Frameworks",
				);
				PRODUCT_BUNDLE_IDENTIFIER = com.fermenendez.LuckyAppTest;
				PRODUCT_NAME = "$(TARGET_NAME)";
				SWIFT_VERSION = 5.0;
				TARGETED_DEVICE_FAMILY = "1,2";
			};
			name = Debug;
		};
		139B4F88253228C800A822DF /* Release */ = {
			isa = XCBuildConfiguration;
			buildSettings = {
				ASSETCATALOG_COMPILER_APPICON_NAME = AppIcon;
				ASSETCATALOG_COMPILER_GLOBAL_ACCENT_COLOR_NAME = AccentColor;
				CODE_SIGN_STYLE = Automatic;
				DEVELOPMENT_TEAM = LUNGYV76TW;
				INFOPLIST_FILE = LuckyAppTest/Info.plist;
				LD_RUNPATH_SEARCH_PATHS = (
					"$(inherited)",
					"@executable_path/Frameworks",
				);
				PRODUCT_BUNDLE_IDENTIFIER = com.fermenendez.LuckyAppTest;
				PRODUCT_NAME = "$(TARGET_NAME)";
				SWIFT_VERSION = 5.0;
				TARGETED_DEVICE_FAMILY = "1,2";
			};
			name = Release;
		};
/* End XCBuildConfiguration section */

/* Begin XCConfigurationList section */
		139B4F6D253228C400A822DF /* Build configuration list for PBXProject "LuckyAppTest" */ = {
			isa = XCConfigurationList;
			buildConfigurations = (
				139B4F84253228C800A822DF /* Debug */,
				139B4F85253228C800A822DF /* Release */,
			);
			defaultConfigurationIsVisible = 0;
			defaultConfigurationName = Release;
		};
		139B4F86253228C800A822DF /* Build configuration list for PBXNativeTarget "LuckyAppTest" */ = {
			isa = XCConfigurationList;
			buildConfigurations = (
				139B4F87253228C800A822DF /* Debug */,
				139B4F88253228C800A822DF /* Release */,
			);
			defaultConfigurationIsVisible = 0;
			defaultConfigurationName = Release;
		};
/* End XCConfigurationList section */
	};
	rootObject = 139B4F6A253228C400A822DF /* Project object */;
}
